// !$*UTF8*$!
{
	archiveVersion = 1;
	classes = {
	};
	objectVersion = 55;
	objects = {

/* Begin PBXBuildFile section */
		0437171A27E9708F008E7AD4 /* BirdView.swift in Sources */ = {isa = PBXBuildFile; fileRef = 0437171927E9708F008E7AD4 /* BirdView.swift */; };
		0437171C27E97D47008E7AD4 /* plant.swift in Sources */ = {isa = PBXBuildFile; fileRef = 0437171B27E97D47008E7AD4 /* plant.swift */; };
		0437171E27E97D57008E7AD4 /* place.swift in Sources */ = {isa = PBXBuildFile; fileRef = 0437171D27E97D57008E7AD4 /* place.swift */; };
		0437172027E97E28008E7AD4 /* bird.swift in Sources */ = {isa = PBXBuildFile; fileRef = 0437171F27E97E28008E7AD4 /* bird.swift */; };
		0437172827E9FD00008E7AD4 /* PlaceView.swift in Sources */ = {isa = PBXBuildFile; fileRef = 0437172727E9FD00008E7AD4 /* PlaceView.swift */; };
		0437172B27E9FE8C008E7AD4 /* plant1.swift in Sources */ = {isa = PBXBuildFile; fileRef = 0437172A27E9FE8C008E7AD4 /* plant1.swift */; };
		0437172E27EADFD5008E7AD4 /* bird1.swift in Sources */ = {isa = PBXBuildFile; fileRef = 0437172D27EADFD5008E7AD4 /* bird1.swift */; };
		0437173027EAE11F008E7AD4 /* bird2.swift in Sources */ = {isa = PBXBuildFile; fileRef = 0437172F27EAE11F008E7AD4 /* bird2.swift */; };
		0437173227EAE133008E7AD4 /* bird3.swift in Sources */ = {isa = PBXBuildFile; fileRef = 0437173127EAE133008E7AD4 /* bird3.swift */; };
		0437173427EAE13F008E7AD4 /* bird4.swift in Sources */ = {isa = PBXBuildFile; fileRef = 0437173327EAE13F008E7AD4 /* bird4.swift */; };
		04866EB427EDFDE400F7552F /* plant2.swift in Sources */ = {isa = PBXBuildFile; fileRef = 04866EB327EDFDE400F7552F /* plant2.swift */; };
		04866EB627EDFDF300F7552F /* plant3.swift in Sources */ = {isa = PBXBuildFile; fileRef = 04866EB527EDFDF300F7552F /* plant3.swift */; };
		04866EB827EDFE0A00F7552F /* plant4.swift in Sources */ = {isa = PBXBuildFile; fileRef = 04866EB727EDFE0A00F7552F /* plant4.swift */; };
		04866EBA27EDFE1500F7552F /* plant5.swift in Sources */ = {isa = PBXBuildFile; fileRef = 04866EB927EDFE1500F7552F /* plant5.swift */; };
		04866EBC27EDFE1F00F7552F /* plant6.swift in Sources */ = {isa = PBXBuildFile; fileRef = 04866EBB27EDFE1F00F7552F /* plant6.swift */; };
		04866EBE27EDFE2C00F7552F /* plant7.swift in Sources */ = {isa = PBXBuildFile; fileRef = 04866EBD27EDFE2C00F7552F /* plant7.swift */; };
		04866EC027EDFE9B00F7552F /* plant8.swift in Sources */ = {isa = PBXBuildFile; fileRef = 04866EBF27EDFE9B00F7552F /* plant8.swift */; };
		04866EC227EDFFA900F7552F /* plant9.swift in Sources */ = {isa = PBXBuildFile; fileRef = 04866EC127EDFFA900F7552F /* plant9.swift */; };
		04866EC427EDFFB700F7552F /* plant10.swift in Sources */ = {isa = PBXBuildFile; fileRef = 04866EC327EDFFB700F7552F /* plant10.swift */; };
		04866EC827EF377B00F7552F /* bruh.swift in Sources */ = {isa = PBXBuildFile; fileRef = 04866EC727EF377B00F7552F /* bruh.swift */; };
		04C31E9F281797470034904F /* sound.swift in Sources */ = {isa = PBXBuildFile; fileRef = 04C31E9E281797470034904F /* sound.swift */; };
		04CA3937281044B20040A0FE /* settings.swift in Sources */ = {isa = PBXBuildFile; fileRef = 04CA3936281044B20040A0FE /* settings.swift */; };
		04CA393B2810465B0040A0FE /* ???.swift in Sources */ = {isa = PBXBuildFile; fileRef = 04CA393A2810465B0040A0FE /* ???.swift */; };
		04CF168D280E62B40000433F /* planttest.swift in Sources */ = {isa = PBXBuildFile; fileRef = 04CF168C280E62B40000433F /* planttest.swift */; };
		04DBB3E927E0343E00288D64 /* school_projectApp.swift in Sources */ = {isa = PBXBuildFile; fileRef = 04DBB3E827E0343E00288D64 /* school_projectApp.swift */; };
		04DBB3EB27E0343E00288D64 /* ContentView.swift in Sources */ = {isa = PBXBuildFile; fileRef = 04DBB3EA27E0343E00288D64 /* ContentView.swift */; };
		04DBB3ED27E0343F00288D64 /* Assets.xcassets in Resources */ = {isa = PBXBuildFile; fileRef = 04DBB3EC27E0343F00288D64 /* Assets.xcassets */; };
		04DBB3F027E0343F00288D64 /* Preview Assets.xcassets in Resources */ = {isa = PBXBuildFile; fileRef = 04DBB3EF27E0343F00288D64 /* Preview Assets.xcassets */; };
/* End PBXBuildFile section */

/* Begin PBXFileReference section */
		0437171927E9708F008E7AD4 /* BirdView.swift */ = {isa = PBXFileReference; lastKnownFileType = sourcecode.swift; path = BirdView.swift; sourceTree = "<group>"; };
		0437171B27E97D47008E7AD4 /* plant.swift */ = {isa = PBXFileReference; lastKnownFileType = sourcecode.swift; path = plant.swift; sourceTree = "<group>"; };
		0437171D27E97D57008E7AD4 /* place.swift */ = {isa = PBXFileReference; lastKnownFileType = sourcecode.swift; path = place.swift; sourceTree = "<group>"; };
		0437171F27E97E28008E7AD4 /* bird.swift */ = {isa = PBXFileReference; lastKnownFileType = sourcecode.swift; path = bird.swift; sourceTree = "<group>"; };
		0437172727E9FD00008E7AD4 /* PlaceView.swift */ = {isa = PBXFileReference; lastKnownFileType = sourcecode.swift; path = PlaceView.swift; sourceTree = "<group>"; };
		0437172A27E9FE8C008E7AD4 /* plant1.swift */ = {isa = PBXFileReference; lastKnownFileType = sourcecode.swift; path = plant1.swift; sourceTree = "<group>"; };
		0437172D27EADFD5008E7AD4 /* bird1.swift */ = {isa = PBXFileReference; lastKnownFileType = sourcecode.swift; path = bird1.swift; sourceTree = "<group>"; };
		0437172F27EAE11F008E7AD4 /* bird2.swift */ = {isa = PBXFileReference; lastKnownFileType = sourcecode.swift; path = bird2.swift; sourceTree = "<group>"; };
		0437173127EAE133008E7AD4 /* bird3.swift */ = {isa = PBXFileReference; lastKnownFileType = sourcecode.swift; path = bird3.swift; sourceTree = "<group>"; };
		0437173327EAE13F008E7AD4 /* bird4.swift */ = {isa = PBXFileReference; lastKnownFileType = sourcecode.swift; path = bird4.swift; sourceTree = "<group>"; };
		04866EB327EDFDE400F7552F /* plant2.swift */ = {isa = PBXFileReference; lastKnownFileType = sourcecode.swift; path = plant2.swift; sourceTree = "<group>"; };
		04866EB527EDFDF300F7552F /* plant3.swift */ = {isa = PBXFileReference; lastKnownFileType = sourcecode.swift; path = plant3.swift; sourceTree = "<group>"; };
		04866EB727EDFE0A00F7552F /* plant4.swift */ = {isa = PBXFileReference; lastKnownFileType = sourcecode.swift; path = plant4.swift; sourceTree = "<group>"; };
		04866EB927EDFE1500F7552F /* plant5.swift */ = {isa = PBXFileReference; lastKnownFileType = sourcecode.swift; path = plant5.swift; sourceTree = "<group>"; };
		04866EBB27EDFE1F00F7552F /* plant6.swift */ = {isa = PBXFileReference; lastKnownFileType = sourcecode.swift; path = plant6.swift; sourceTree = "<group>"; };
		04866EBD27EDFE2C00F7552F /* plant7.swift */ = {isa = PBXFileReference; lastKnownFileType = sourcecode.swift; path = plant7.swift; sourceTree = "<group>"; };
		04866EBF27EDFE9B00F7552F /* plant8.swift */ = {isa = PBXFileReference; lastKnownFileType = sourcecode.swift; path = plant8.swift; sourceTree = "<group>"; };
		04866EC127EDFFA900F7552F /* plant9.swift */ = {isa = PBXFileReference; lastKnownFileType = sourcecode.swift; path = plant9.swift; sourceTree = "<group>"; };
		04866EC327EDFFB700F7552F /* plant10.swift */ = {isa = PBXFileReference; lastKnownFileType = sourcecode.swift; path = plant10.swift; sourceTree = "<group>"; };
		04866EC727EF377B00F7552F /* bruh.swift */ = {isa = PBXFileReference; lastKnownFileType = sourcecode.swift; path = bruh.swift; sourceTree = "<group>"; };
		04C31E9E281797470034904F /* sound.swift */ = {isa = PBXFileReference; lastKnownFileType = sourcecode.swift; path = sound.swift; sourceTree = "<group>"; };
		04CA3936281044B20040A0FE /* settings.swift */ = {isa = PBXFileReference; lastKnownFileType = sourcecode.swift; path = settings.swift; sourceTree = "<group>"; };
		04CA393A2810465B0040A0FE /* ???.swift */ = {isa = PBXFileReference; lastKnownFileType = sourcecode.swift; path = "???.swift"; sourceTree = "<group>"; };
		04CF168C280E62B40000433F /* planttest.swift */ = {isa = PBXFileReference; lastKnownFileType = sourcecode.swift; path = planttest.swift; sourceTree = "<group>"; };
		04DBB3E527E0343E00288D64 /* school project.app */ = {isa = PBXFileReference; explicitFileType = wrapper.application; includeInIndex = 0; path = "school project.app"; sourceTree = BUILT_PRODUCTS_DIR; };
		04DBB3E827E0343E00288D64 /* school_projectApp.swift */ = {isa = PBXFileReference; lastKnownFileType = sourcecode.swift; path = school_projectApp.swift; sourceTree = "<group>"; };
		04DBB3EA27E0343E00288D64 /* ContentView.swift */ = {isa = PBXFileReference; lastKnownFileType = sourcecode.swift; path = ContentView.swift; sourceTree = "<group>"; };
		04DBB3EC27E0343F00288D64 /* Assets.xcassets */ = {isa = PBXFileReference; lastKnownFileType = folder.assetcatalog; path = Assets.xcassets; sourceTree = "<group>"; };
		04DBB3EF27E0343F00288D64 /* Preview Assets.xcassets */ = {isa = PBXFileReference; lastKnownFileType = folder.assetcatalog; path = "Preview Assets.xcassets"; sourceTree = "<group>"; };
/* End PBXFileReference section */

/* Begin PBXFrameworksBuildPhase section */
		04DBB3E227E0343E00288D64 /* Frameworks */ = {
			isa = PBXFrameworksBuildPhase;
			buildActionMask = 2147483647;
			files = (
			);
			runOnlyForDeploymentPostprocessing = 0;
		};
/* End PBXFrameworksBuildPhase section */

/* Begin PBXGroup section */
		0437172527E9FC52008E7AD4 /* bird */ = {
			isa = PBXGroup;
			children = (
				0437171927E9708F008E7AD4 /* BirdView.swift */,
				0437171F27E97E28008E7AD4 /* bird.swift */,
				0437172D27EADFD5008E7AD4 /* bird1.swift */,
				0437172F27EAE11F008E7AD4 /* bird2.swift */,
				0437173127EAE133008E7AD4 /* bird3.swift */,
				0437173327EAE13F008E7AD4 /* bird4.swift */,
			);
			path = bird;
			sourceTree = "<group>";
		};
		0437172627E9FC7B008E7AD4 /* plant */ = {
			isa = PBXGroup;
			children = (
				0437171B27E97D47008E7AD4 /* plant.swift */,
				0437172A27E9FE8C008E7AD4 /* plant1.swift */,
				04866EB327EDFDE400F7552F /* plant2.swift */,
				04866EB527EDFDF300F7552F /* plant3.swift */,
				04866EB727EDFE0A00F7552F /* plant4.swift */,
				04866EB927EDFE1500F7552F /* plant5.swift */,
				04866EBB27EDFE1F00F7552F /* plant6.swift */,
				04866EBD27EDFE2C00F7552F /* plant7.swift */,
				04866EBF27EDFE9B00F7552F /* plant8.swift */,
				04866EC127EDFFA900F7552F /* plant9.swift */,
				04866EC327EDFFB700F7552F /* plant10.swift */,
				04CF168C280E62B40000433F /* planttest.swift */,
			);
			path = plant;
			sourceTree = "<group>";
		};
		0437172927E9FD0C008E7AD4 /* place */ = {
			isa = PBXGroup;
			children = (
				0437172727E9FD00008E7AD4 /* PlaceView.swift */,
				0437171D27E97D57008E7AD4 /* place.swift */,
				04866EC727EF377B00F7552F /* bruh.swift */,
			);
			path = place;
			sourceTree = "<group>";
		};
		04DBB3DC27E0343E00288D64 = {
			isa = PBXGroup;
			children = (
				04DBB3E727E0343E00288D64 /* school project */,
				04DBB3E627E0343E00288D64 /* Products */,
			);
			sourceTree = "<group>";
		};
		04DBB3E627E0343E00288D64 /* Products */ = {
			isa = PBXGroup;
			children = (
				04DBB3E527E0343E00288D64 /* school project.app */,
			);
			name = Products;
			sourceTree = "<group>";
		};
		04DBB3E727E0343E00288D64 /* school project */ = {
			isa = PBXGroup;
			children = (
				0437172627E9FC7B008E7AD4 /* plant */,
				0437172527E9FC52008E7AD4 /* bird */,
				0437172927E9FD0C008E7AD4 /* place */,
				04DBB3EA27E0343E00288D64 /* ContentView.swift */,
				04CA393A2810465B0040A0FE /* ???.swift */,
				04CA3936281044B20040A0FE /* settings.swift */,
				04DBB3E827E0343E00288D64 /* school_projectApp.swift */,
				04C31E9E281797470034904F /* sound.swift */,
				04DBB3EC27E0343F00288D64 /* Assets.xcassets */,
				04DBB3EE27E0343F00288D64 /* Preview Content */,
			);
			path = "school project";
			sourceTree = "<group>";
		};
		04DBB3EE27E0343F00288D64 /* Preview Content */ = {
			isa = PBXGroup;
			children = (
				04DBB3EF27E0343F00288D64 /* Preview Assets.xcassets */,
			);
			path = "Preview Content";
			sourceTree = "<group>";
		};
/* End PBXGroup section */

/* Begin PBXNativeTarget section */
		04DBB3E427E0343E00288D64 /* school project */ = {
			isa = PBXNativeTarget;
			buildConfigurationList = 04DBB3F327E0343F00288D64 /* Build configuration list for PBXNativeTarget "school project" */;
			buildPhases = (
				04DBB3E127E0343E00288D64 /* Sources */,
				04DBB3E227E0343E00288D64 /* Frameworks */,
				04DBB3E327E0343E00288D64 /* Resources */,
			);
			buildRules = (
			);
			dependencies = (
			);
			name = "school project";
			productName = "school project";
			productReference = 04DBB3E527E0343E00288D64 /* school project.app */;
			productType = "com.apple.product-type.application";
		};
/* End PBXNativeTarget section */

/* Begin PBXProject section */
		04DBB3DD27E0343E00288D64 /* Project object */ = {
			isa = PBXProject;
			attributes = {
				BuildIndependentTargetsInParallel = 1;
				LastSwiftUpdateCheck = 1320;
				LastUpgradeCheck = 1320;
				TargetAttributes = {
					04DBB3E427E0343E00288D64 = {
						CreatedOnToolsVersion = 13.2.1;
					};
				};
			};
			buildConfigurationList = 04DBB3E027E0343E00288D64 /* Build configuration list for PBXProject "school project" */;
			compatibilityVersion = "Xcode 13.0";
			developmentRegion = en;
			hasScannedForEncodings = 0;
			knownRegions = (
				en,
				Base,
			);
			mainGroup = 04DBB3DC27E0343E00288D64;
			productRefGroup = 04DBB3E627E0343E00288D64 /* Products */;
			projectDirPath = "";
			projectRoot = "";
			targets = (
				04DBB3E427E0343E00288D64 /* school project */,
			);
		};
/* End PBXProject section */

/* Begin PBXResourcesBuildPhase section */
		04DBB3E327E0343E00288D64 /* Resources */ = {
			isa = PBXResourcesBuildPhase;
			buildActionMask = 2147483647;
			files = (
				04DBB3F027E0343F00288D64 /* Preview Assets.xcassets in Resources */,
				04DBB3ED27E0343F00288D64 /* Assets.xcassets in Resources */,
			);
			runOnlyForDeploymentPostprocessing = 0;
		};
/* End PBXResourcesBuildPhase section */

/* Begin PBXSourcesBuildPhase section */
		04DBB3E127E0343E00288D64 /* Sources */ = {
			isa = PBXSourcesBuildPhase;
			buildActionMask = 2147483647;
			files = (
				04866EC227EDFFA900F7552F /* plant9.swift in Sources */,
				04866EBE27EDFE2C00F7552F /* plant7.swift in Sources */,
				04CF168D280E62B40000433F /* planttest.swift in Sources */,
				04866EB427EDFDE400F7552F /* plant2.swift in Sources */,
				04DBB3EB27E0343E00288D64 /* ContentView.swift in Sources */,
				0437171C27E97D47008E7AD4 /* plant.swift in Sources */,
				04866EBA27EDFE1500F7552F /* plant5.swift in Sources */,
				04866EC427EDFFB700F7552F /* plant10.swift in Sources */,
				0437172827E9FD00008E7AD4 /* PlaceView.swift in Sources */,
				04866EC027EDFE9B00F7552F /* plant8.swift in Sources */,
				04866EBC27EDFE1F00F7552F /* plant6.swift in Sources */,
				0437173027EAE11F008E7AD4 /* bird2.swift in Sources */,
				04CA393B2810465B0040A0FE /* ???.swift in Sources */,
				04866EB627EDFDF300F7552F /* plant3.swift in Sources */,
				0437171A27E9708F008E7AD4 /* BirdView.swift in Sources */,
				0437171E27E97D57008E7AD4 /* place.swift in Sources */,
				04CA3937281044B20040A0FE /* settings.swift in Sources */,
				0437173427EAE13F008E7AD4 /* bird4.swift in Sources */,
				04866EC827EF377B00F7552F /* bruh.swift in Sources */,
				04866EB827EDFE0A00F7552F /* plant4.swift in Sources */,
				0437172E27EADFD5008E7AD4 /* bird1.swift in Sources */,
				0437172B27E9FE8C008E7AD4 /* plant1.swift in Sources */,
				04C31E9F281797470034904F /* sound.swift in Sources */,
				04DBB3E927E0343E00288D64 /* school_projectApp.swift in Sources */,
				0437173227EAE133008E7AD4 /* bird3.swift in Sources */,
				0437172027E97E28008E7AD4 /* bird.swift in Sources */,
			);
			runOnlyForDeploymentPostprocessing = 0;
		};
/* End PBXSourcesBuildPhase section */

/* Begin XCBuildConfiguration section */
		04DBB3F127E0343F00288D64 /* Debug */ = {
			isa = XCBuildConfiguration;
			buildSettings = {
				ALWAYS_SEARCH_USER_PATHS = NO;
				CLANG_ANALYZER_NONNULL = YES;
				CLANG_ANALYZER_NUMBER_OBJECT_CONVERSION = YES_AGGRESSIVE;
				CLANG_CXX_LANGUAGE_STANDARD = "gnu++17";
				CLANG_CXX_LIBRARY = "libc++";
				CLANG_ENABLE_MODULES = YES;
				CLANG_ENABLE_OBJC_ARC = YES;
				CLANG_ENABLE_OBJC_WEAK = YES;
				CLANG_WARN_BLOCK_CAPTURE_AUTORELEASING = YES;
				CLANG_WARN_BOOL_CONVERSION = YES;
				CLANG_WARN_COMMA = YES;
				CLANG_WARN_CONSTANT_CONVERSION = YES;
				CLANG_WARN_DEPRECATED_OBJC_IMPLEMENTATIONS = YES;
				CLANG_WARN_DIRECT_OBJC_ISA_USAGE = YES_ERROR;
				CLANG_WARN_DOCUMENTATION_COMMENTS = YES;
				CLANG_WARN_EMPTY_BODY = YES;
				CLANG_WARN_ENUM_CONVERSION = YES;
				CLANG_WARN_INFINITE_RECURSION = YES;
				CLANG_WARN_INT_CONVERSION = YES;
				CLANG_WARN_NON_LITERAL_NULL_CONVERSION = YES;
				CLANG_WARN_OBJC_IMPLICIT_RETAIN_SELF = YES;
				CLANG_WARN_OBJC_LITERAL_CONVERSION = YES;
				CLANG_WARN_OBJC_ROOT_CLASS = YES_ERROR;
				CLANG_WARN_QUOTED_INCLUDE_IN_FRAMEWORK_HEADER = YES;
				CLANG_WARN_RANGE_LOOP_ANALYSIS = YES;
				CLANG_WARN_STRICT_PROTOTYPES = YES;
				CLANG_WARN_SUSPICIOUS_MOVE = YES;
				CLANG_WARN_UNGUARDED_AVAILABILITY = YES_AGGRESSIVE;
				CLANG_WARN_UNREACHABLE_CODE = YES;
				CLANG_WARN__DUPLICATE_METHOD_MATCH = YES;
				COPY_PHASE_STRIP = NO;
				DEBUG_INFORMATION_FORMAT = dwarf;
				ENABLE_STRICT_OBJC_MSGSEND = YES;
				ENABLE_TESTABILITY = YES;
				GCC_C_LANGUAGE_STANDARD = gnu11;
				GCC_DYNAMIC_NO_PIC = NO;
				GCC_NO_COMMON_BLOCKS = YES;
				GCC_OPTIMIZATION_LEVEL = 0;
				GCC_PREPROCESSOR_DEFINITIONS = (
					"DEBUG=1",
					"$(inherited)",
				);
				GCC_WARN_64_TO_32_BIT_CONVERSION = YES;
				GCC_WARN_ABOUT_RETURN_TYPE = YES_ERROR;
				GCC_WARN_UNDECLARED_SELECTOR = YES;
				GCC_WARN_UNINITIALIZED_AUTOS = YES_AGGRESSIVE;
				GCC_WARN_UNUSED_FUNCTION = YES;
				GCC_WARN_UNUSED_VARIABLE = YES;
				IPHONEOS_DEPLOYMENT_TARGET = 15.2;
				MTL_ENABLE_DEBUG_INFO = INCLUDE_SOURCE;
				MTL_FAST_MATH = YES;
				ONLY_ACTIVE_ARCH = YES;
				SDKROOT = iphoneos;
				SWIFT_ACTIVE_COMPILATION_CONDITIONS = DEBUG;
				SWIFT_OPTIMIZATION_LEVEL = "-Onone";
			};
			name = Debug;
		};
		04DBB3F227E0343F00288D64 /* Release */ = {
			isa = XCBuildConfiguration;
			buildSettings = {
				ALWAYS_SEARCH_USER_PATHS = NO;
				CLANG_ANALYZER_NONNULL = YES;
				CLANG_ANALYZER_NUMBER_OBJECT_CONVERSION = YES_AGGRESSIVE;
				CLANG_CXX_LANGUAGE_STANDARD = "gnu++17";
				CLANG_CXX_LIBRARY = "libc++";
				CLANG_ENABLE_MODULES = YES;
				CLANG_ENABLE_OBJC_ARC = YES;
				CLANG_ENABLE_OBJC_WEAK = YES;
				CLANG_WARN_BLOCK_CAPTURE_AUTORELEASING = YES;
				CLANG_WARN_BOOL_CONVERSION = YES;
				CLANG_WARN_COMMA = YES;
				CLANG_WARN_CONSTANT_CONVERSION = YES;
				CLANG_WARN_DEPRECATED_OBJC_IMPLEMENTATIONS = YES;
				CLANG_WARN_DIRECT_OBJC_ISA_USAGE = YES_ERROR;
				CLANG_WARN_DOCUMENTATION_COMMENTS = YES;
				CLANG_WARN_EMPTY_BODY = YES;
				CLANG_WARN_ENUM_CONVERSION = YES;
				CLANG_WARN_INFINITE_RECURSION = YES;
				CLANG_WARN_INT_CONVERSION = YES;
				CLANG_WARN_NON_LITERAL_NULL_CONVERSION = YES;
				CLANG_WARN_OBJC_IMPLICIT_RETAIN_SELF = YES;
				CLANG_WARN_OBJC_LITERAL_CONVERSION = YES;
				CLANG_WARN_OBJC_ROOT_CLASS = YES_ERROR;
				CLANG_WARN_QUOTED_INCLUDE_IN_FRAMEWORK_HEADER = YES;
				CLANG_WARN_RANGE_LOOP_ANALYSIS = YES;
				CLANG_WARN_STRICT_PROTOTYPES = YES;
				CLANG_WARN_SUSPICIOUS_MOVE = YES;
				CLANG_WARN_UNGUARDED_AVAILABILITY = YES_AGGRESSIVE;
				CLANG_WARN_UNREACHABLE_CODE = YES;
				CLANG_WARN__DUPLICATE_METHOD_MATCH = YES;
				COPY_PHASE_STRIP = NO;
				DEBUG_INFORMATION_FORMAT = "dwarf-with-dsym";
				ENABLE_NS_ASSERTIONS = NO;
				ENABLE_STRICT_OBJC_MSGSEND = YES;
				GCC_C_LANGUAGE_STANDARD = gnu11;
				GCC_NO_COMMON_BLOCKS = YES;
				GCC_WARN_64_TO_32_BIT_CONVERSION = YES;
				GCC_WARN_ABOUT_RETURN_TYPE = YES_ERROR;
				GCC_WARN_UNDECLARED_SELECTOR = YES;
				GCC_WARN_UNINITIALIZED_AUTOS = YES_AGGRESSIVE;
				GCC_WARN_UNUSED_FUNCTION = YES;
				GCC_WARN_UNUSED_VARIABLE = YES;
				IPHONEOS_DEPLOYMENT_TARGET = 15.2;
				MTL_ENABLE_DEBUG_INFO = NO;
				MTL_FAST_MATH = YES;
				SDKROOT = iphoneos;
				SWIFT_COMPILATION_MODE = wholemodule;
				SWIFT_OPTIMIZATION_LEVEL = "-O";
				VALIDATE_PRODUCT = YES;
			};
			name = Release;
		};
		04DBB3F427E0343F00288D64 /* Debug */ = {
			isa = XCBuildConfiguration;
			buildSettings = {
				ASSETCATALOG_COMPILER_APPICON_NAME = AppIcon;
				ASSETCATALOG_COMPILER_GLOBAL_ACCENT_COLOR_NAME = AccentColor;
				CODE_SIGN_STYLE = Automatic;
				CURRENT_PROJECT_VERSION = 1;
				DEVELOPMENT_ASSET_PATHS = "\"school project/Preview Content\"";
				DEVELOPMENT_TEAM = PH6YZ5Y4U2;
				ENABLE_PREVIEWS = YES;
				GENERATE_INFOPLIST_FILE = YES;
				INFOPLIST_KEY_UIApplicationSceneManifest_Generation = YES;
				INFOPLIST_KEY_UIApplicationSupportsIndirectInputEvents = YES;
				INFOPLIST_KEY_UILaunchScreen_Generation = YES;
				INFOPLIST_KEY_UISupportedInterfaceOrientations_iPad = "UIInterfaceOrientationPortrait UIInterfaceOrientationPortraitUpsideDown UIInterfaceOrientationLandscapeLeft UIInterfaceOrientationLandscapeRight";
				INFOPLIST_KEY_UISupportedInterfaceOrientations_iPhone = "UIInterfaceOrientationPortrait UIInterfaceOrientationLandscapeLeft UIInterfaceOrientationLandscapeRight";
				LD_RUNPATH_SEARCH_PATHS = (
					"$(inherited)",
					"@executable_path/Frameworks",
				);
				MARKETING_VERSION = 1.0;
				PRODUCT_BUNDLE_IDENTIFIER = "com.Jack.school-project";
				PRODUCT_NAME = "$(TARGET_NAME)";
				SWIFT_EMIT_LOC_STRINGS = YES;
				SWIFT_VERSION = 5.0;
				TARGETED_DEVICE_FAMILY = "1,2";
			};
			name = Debug;
		};
		04DBB3F527E0343F00288D64 /* Release */ = {
			isa = XCBuildConfiguration;
			buildSettings = {
				ASSETCATALOG_COMPILER_APPICON_NAME = AppIcon;
				ASSETCATALOG_COMPILER_GLOBAL_ACCENT_COLOR_NAME = AccentColor;
				CODE_SIGN_STYLE = Automatic;
				CURRENT_PROJECT_VERSION = 1;
				DEVELOPMENT_ASSET_PATHS = "\"school project/Preview Content\"";
				DEVELOPMENT_TEAM = PH6YZ5Y4U2;
				ENABLE_PREVIEWS = YES;
				GENERATE_INFOPLIST_FILE = YES;
				INFOPLIST_KEY_UIApplicationSceneManifest_Generation = YES;
				INFOPLIST_KEY_UIApplicationSupportsIndirectInputEvents = YES;
				INFOPLIST_KEY_UILaunchScreen_Generation = YES;
				INFOPLIST_KEY_UISupportedInterfaceOrientations_iPad = "UIInterfaceOrientationPortrait UIInterfaceOrientationPortraitUpsideDown UIInterfaceOrientationLandscapeLeft UIInterfaceOrientationLandscapeRight";
				INFOPLIST_KEY_UISupportedInterfaceOrientations_iPhone = "UIInterfaceOrientationPortrait UIInterfaceOrientationLandscapeLeft UIInterfaceOrientationLandscapeRight";
				LD_RUNPATH_SEARCH_PATHS = (
					"$(inherited)",
					"@executable_path/Frameworks",
				);
				MARKETING_VERSION = 1.0;
				PRODUCT_BUNDLE_IDENTIFIER = "com.Jack.school-project";
				PRODUCT_NAME = "$(TARGET_NAME)";
				SWIFT_EMIT_LOC_STRINGS = YES;
				SWIFT_VERSION = 5.0;
				TARGETED_DEVICE_FAMILY = "1,2";
			};
			name = Release;
		};
/* End XCBuildConfiguration section */

/* Begin XCConfigurationList section */
		04DBB3E027E0343E00288D64 /* Build configuration list for PBXProject "school project" */ = {
			isa = XCConfigurationList;
			buildConfigurations = (
				04DBB3F127E0343F00288D64 /* Debug */,
				04DBB3F227E0343F00288D64 /* Release */,
			);
			defaultConfigurationIsVisible = 0;
			defaultConfigurationName = Release;
		};
		04DBB3F327E0343F00288D64 /* Build configuration list for PBXNativeTarget "school project" */ = {
			isa = XCConfigurationList;
			buildConfigurations = (
				04DBB3F427E0343F00288D64 /* Debug */,
				04DBB3F527E0343F00288D64 /* Release */,
			);
			defaultConfigurationIsVisible = 0;
			defaultConfigurationName = Release;
		};
/* End XCConfigurationList section */
	};
	rootObject = 04DBB3DD27E0343E00288D64 /* Project object */;
}
